
Microsoft Visual Studio Solution File, Format Version 12.00
# Visual Studio 15
VisualStudioVersion = 15.0.27428.2002
MinimumVisualStudioVersion = 10.0.40219.1
Project("{FAE04EC0-301F-11D3-BF4B-00C04F79EFBC}") = "ServiceFabricProcessor", "ServiceFabricProcessor\ServiceFabricProcessor.csproj", "{F03948E4-A896-4D95-BE64-37B7CEC5374C}"
EndProject
Global
	GlobalSection(SolutionConfigurationPlatforms) = preSolution
		Debug|Any CPU = Debug|Any CPU
		Release|Any CPU = Release|Any CPU
	EndGlobalSection
	GlobalSection(ProjectConfigurationPlatforms) = postSolution
		{F03948E4-A896-4D95-BE64-37B7CEC5374C}.Debug|Any CPU.ActiveCfg = Debug|Any CPU
		{F03948E4-A896-4D95-BE64-37B7CEC5374C}.Debug|Any CPU.Build.0 = Debug|Any CPU
		{F03948E4-A896-4D95-BE64-37B7CEC5374C}.Release|Any CPU.ActiveCfg = Release|Any CPU
		{F03948E4-A896-4D95-BE64-37B7CEC5374C}.Release|Any CPU.Build.0 = Release|Any CPU
	EndGlobalSection
	GlobalSection(SolutionProperties) = preSolution
		HideSolutionNode = FALSE
	EndGlobalSection
	GlobalSection(ExtensibilityGlobals) = postSolution
		SolutionGuid = {73BF0066-1D0C-4133-B845-BB9C47A9EC18}
	EndGlobalSection
EndGlobal
